
Microsoft Visual Studio Solution File, Format Version 12.00
# Visual Studio Version 16
VisualStudioVersion = 16.0.29911.84
MinimumVisualStudioVersion = 10.0.40219.1
Project("{8BC9CEB8-8B4A-11D0-8D11-00A0C91BC942}") = "Sandbox", "Sandbox\Sandbox.vcxproj", "{01E145C0-D956-4395-A8F1-BEF6B9F34051}"
EndProject
Project("{8BC9CEB8-8B4A-11D0-8D11-00A0C91BC942}") = "Catalyst", "Catalyst\Catalyst.vcxproj", "{875BBB73-A949-40CC-8E54-FB905A2377C5}"
EndProject
Global
	GlobalSection(SolutionConfigurationPlatforms) = preSolution
		Debug|x64 = Debug|x64
		Release|x64 = Release|x64
	EndGlobalSection
	GlobalSection(ProjectConfigurationPlatforms) = postSolution
		{875BBB73-A949-40CC-8E54-FB905A2377C5}.Debug|x64.ActiveCfg = Debug|x64
		{875BBB73-A949-40CC-8E54-FB905A2377C5}.Debug|x64.Build.0 = Debug|x64
		{875BBB73-A949-40CC-8E54-FB905A2377C5}.Release|x64.ActiveCfg = Release|x64
		{875BBB73-A949-40CC-8E54-FB905A2377C5}.Release|x64.Build.0 = Release|x64
		{01E145C0-D956-4395-A8F1-BEF6B9F34051}.Debug|x64.ActiveCfg = Debug|x64
		{01E145C0-D956-4395-A8F1-BEF6B9F34051}.Debug|x64.Build.0 = Debug|x64
		{01E145C0-D956-4395-A8F1-BEF6B9F34051}.Release|x64.ActiveCfg = Release|x64
		{01E145C0-D956-4395-A8F1-BEF6B9F34051}.Release|x64.Build.0 = Release|x64
	EndGlobalSection
	GlobalSection(SolutionProperties) = preSolution
		HideSolutionNode = FALSE
	EndGlobalSection
	GlobalSection(ExtensibilityGlobals) = postSolution
		SolutionGuid = {39208DB1-EAD0-486D-814C-7BD5F2200677}
	EndGlobalSection
EndGlobal
